{
  "name": "gemma4-safe-agent",
  "version": "0.1.0",
  "lockfileVersion": 3,
  "requires": true,
  "packages": {
    "": {
      "name": "gemma4-safe-agent",
      "version": "0.1.0",
      "license": "MIT",
      "dependencies": {
        "@mukundakatta/agentcast": "^0.1.1",
        "@mukundakatta/agentfit": "^0.1.1",
        "@mukundakatta/agentguard": "^0.1.1",
        "@mukundakatta/agentsnap": "^0.1.1",
        "@mukundakatta/agentvet": "^0.1.1",
        "ollama": "^0.6.3"
      },
      "engines": {
        "node": ">=20"
      }
    },
    "node_modules/@mukundakatta/agentcast": {
      "version": "0.1.1",
      "resolved": "https://registry.npmjs.org/@mukundakatta/agentcast/-/agentcast-0.1.1.tgz",
      "integrity": "sha512-8Q9w3hu1ZTKVzTmBUnYy9+VroELqLqgaU08LUvJGoPGLYfLDjcZ+OKrlNN/Q686IwFEfwXA6dIls293NHzjctQ==",
      "license": "MIT",
      "bin": {
        "agentcast": "src/cli.js"
      },
      "engines": {
        "node": ">=20"
      }
    },
    "node_modules/@mukundakatta/agentfit": {
      "version": "0.1.1",
      "resolved": "https://registry.npmjs.org/@mukundakatta/agentfit/-/agentfit-0.1.1.tgz",
      "integrity": "sha512-QJo2Kc30gnb78C46UTxJe9IGeRMHs62MWIx/08cUfhZbwEN4s2XefrkWZz5TcZMV5r9Z7s+QIShAUplmK9IC5w==",
      "license": "MIT",
      "bin": {
        "agentfit": "src/cli.js"
      },
      "engines": {
        "node": ">=20"
      }
    },
    "node_modules/@mukundakatta/agentguard": {
      "version": "0.1.1",
      "resolved": "https://registry.npmjs.org/@mukundakatta/agentguard/-/agentguard-0.1.1.tgz",
      "integrity": "sha512-L78H1BNReWQi/V5/eadtKz+sT++muCIrcWM3L5Xi5E10KOmHbUrDG8qZXwuayJqIY1auPsT3DpFsfnmFp97qQQ==",
      "license": "MIT",
      "bin": {
        "agentguard": "src/cli.js"
      },
      "engines": {
        "node": ">=20"
      }
    },
    "node_modules/@mukundakatta/agentsnap": {
      "version": "0.1.1",
      "resolved": "https://registry.npmjs.org/@mukundakatta/agentsnap/-/agentsnap-0.1.1.tgz",
      "integrity": "sha512-PK/3V0t15Xm8ylnCePwBqCSNuJuO6m8Y12ok5CnCjkOOZp7yzNLe7evL4n1F7UP2Nhmwa1yoCWeYPD1ETU+xoA==",
      "license": "MIT",
      "bin": {
        "agentsnap": "src/cli.js"
      },
      "engines": {
        "node": ">=20"
      }
    },
    "node_modules/@mukundakatta/agentvet": {
      "version": "0.1.1",
      "resolved": "https://registry.npmjs.org/@mukundakatta/agentvet/-/agentvet-0.1.1.tgz",
      "integrity": "sha512-6nBvk2ejsTkoQ9uClZW4jP2AXYKZmKdouoK64Bt4sjq1t7KCeBpJiBuDslSJJXcn43RTAzeKhWVhcdXfYe3tLQ==",
      "license": "MIT",
      "bin": {
        "agentvet": "src/cli.js"
      },
      "engines": {
        "node": ">=20"
      }
    },
    "node_modules/ollama": {
      "version": "0.6.3",
      "resolved": "https://registry.npmjs.org/ollama/-/ollama-0.6.3.tgz",
      "integrity": "sha512-KEWEhIqE5wtfzEIZbDCLH51VFZ6Z3ZSa6sIOg/E/tBV8S51flyqBOXi+bRxlOYKDf8i327zG9eSTb8IJxvm3Zg==",
      "license": "MIT",
      "dependencies": {
        "whatwg-fetch": "^3.6.20"
      }
    },
    "node_modules/whatwg-fetch": {
      "version": "3.6.20",
      "resolved": "https://registry.npmjs.org/whatwg-fetch/-/whatwg-fetch-3.6.20.tgz",
      "integrity": "sha512-EqhiFU6daOA8kpjOWTL0olhVOF3i7OrFzSYiGsEMB8GcXS+RrzauAERX65xMeNWVqxA6HXH2m69Z9LaKKdisfg==",
      "license": "MIT"
    }
  }
}
